// !$*UTF8*$!
{
	archiveVersion = 1;
	classes = {
	};
	objectVersion = 50;
	objects = {

/* Begin PBXBuildFile section */
		468773DD21A61B5300E52966 /* BrainyRL.framework in Frameworks */ = {isa = PBXBuildFile; fileRef = 468773D321A61B5300E52966 /* BrainyRL.framework */; };
		468773E221A61B5300E52966 /* BrainyRLTests.swift in Sources */ = {isa = PBXBuildFile; fileRef = 468773E121A61B5300E52966 /* BrainyRLTests.swift */; };
		468773E421A61B5300E52966 /* BrainyRL.h in Headers */ = {isa = PBXBuildFile; fileRef = 468773D621A61B5300E52966 /* BrainyRL.h */; settings = {ATTRIBUTES = (Public, ); }; };
		468773EE21A61BA300E52966 /* Brain.swift in Sources */ = {isa = PBXBuildFile; fileRef = 468773ED21A61BA300E52966 /* Brain.swift */; };
		468773F021A61BF300E52966 /* README.md in Resources */ = {isa = PBXBuildFile; fileRef = 468773EF21A61BF300E52966 /* README.md */; };
		46D484A421B84F3A008A979A /* EnvironmentProtocols.swift in Sources */ = {isa = PBXBuildFile; fileRef = 46D484A321B84F3A008A979A /* EnvironmentProtocols.swift */; };
		46F3DE1221B6F7D900C19A04 /* QLearning.swift in Sources */ = {isa = PBXBuildFile; fileRef = 46F3DE1121B6F7D900C19A04 /* QLearning.swift */; };
		46F3DE1621B7023C00C19A04 /* Errors.swift in Sources */ = {isa = PBXBuildFile; fileRef = 46F3DE1521B7023C00C19A04 /* Errors.swift */; };
		46F3DE1921B71DDE00C19A04 /* Utils.swift in Sources */ = {isa = PBXBuildFile; fileRef = 46F3DE1821B71DDE00C19A04 /* Utils.swift */; };
		46F3DE1C21B72E3200C19A04 /* QLearningProtocols.swift in Sources */ = {isa = PBXBuildFile; fileRef = 46F3DE1B21B72E3200C19A04 /* QLearningProtocols.swift */; };
		89094C9921B79F4100B420CC /* BranyEnvironment.swift in Sources */ = {isa = PBXBuildFile; fileRef = 89094C9821B79F4100B420CC /* BranyEnvironment.swift */; };
/* End PBXBuildFile section */

/* Begin PBXContainerItemProxy section */
		468773DE21A61B5300E52966 /* PBXContainerItemProxy */ = {
			isa = PBXContainerItemProxy;
			containerPortal = 468773CA21A61B5300E52966 /* Project object */;
			proxyType = 1;
			remoteGlobalIDString = 468773D221A61B5300E52966;
			remoteInfo = BrainyRL;
		};
/* End PBXContainerItemProxy section */

/* Begin PBXFileReference section */
		468773D321A61B5300E52966 /* BrainyRL.framework */ = {isa = PBXFileReference; explicitFileType = wrapper.framework; includeInIndex = 0; path = BrainyRL.framework; sourceTree = BUILT_PRODUCTS_DIR; };
		468773D621A61B5300E52966 /* BrainyRL.h */ = {isa = PBXFileReference; lastKnownFileType = sourcecode.c.h; path = BrainyRL.h; sourceTree = "<group>"; };
		468773D721A61B5300E52966 /* Info.plist */ = {isa = PBXFileReference; lastKnownFileType = text.plist.xml; path = Info.plist; sourceTree = "<group>"; };
		468773DC21A61B5300E52966 /* BrainyRLTests.xctest */ = {isa = PBXFileReference; explicitFileType = wrapper.cfbundle; includeInIndex = 0; path = BrainyRLTests.xctest; sourceTree = BUILT_PRODUCTS_DIR; };
		468773E121A61B5300E52966 /* BrainyRLTests.swift */ = {isa = PBXFileReference; lastKnownFileType = sourcecode.swift; path = BrainyRLTests.swift; sourceTree = "<group>"; };
		468773E321A61B5300E52966 /* Info.plist */ = {isa = PBXFileReference; lastKnownFileType = text.plist.xml; path = Info.plist; sourceTree = "<group>"; };
		468773ED21A61BA300E52966 /* Brain.swift */ = {isa = PBXFileReference; lastKnownFileType = sourcecode.swift; path = Brain.swift; sourceTree = "<group>"; };
		468773EF21A61BF300E52966 /* README.md */ = {isa = PBXFileReference; fileEncoding = 4; lastKnownFileType = net.daringfireball.markdown; path = README.md; sourceTree = SOURCE_ROOT; };
		46D484A321B84F3A008A979A /* EnvironmentProtocols.swift */ = {isa = PBXFileReference; lastKnownFileType = sourcecode.swift; path = EnvironmentProtocols.swift; sourceTree = "<group>"; };
		46F3DE1121B6F7D900C19A04 /* QLearning.swift */ = {isa = PBXFileReference; lastKnownFileType = sourcecode.swift; path = QLearning.swift; sourceTree = "<group>"; };
		46F3DE1521B7023C00C19A04 /* Errors.swift */ = {isa = PBXFileReference; lastKnownFileType = sourcecode.swift; path = Errors.swift; sourceTree = "<group>"; };
		46F3DE1821B71DDE00C19A04 /* Utils.swift */ = {isa = PBXFileReference; lastKnownFileType = sourcecode.swift; path = Utils.swift; sourceTree = "<group>"; };
		46F3DE1B21B72E3200C19A04 /* QLearningProtocols.swift */ = {isa = PBXFileReference; lastKnownFileType = sourcecode.swift; path = QLearningProtocols.swift; sourceTree = "<group>"; };
		89094C9821B79F4100B420CC /* BranyEnvironment.swift */ = {isa = PBXFileReference; lastKnownFileType = sourcecode.swift; path = BranyEnvironment.swift; sourceTree = "<group>"; };
/* End PBXFileReference section */

/* Begin PBXFrameworksBuildPhase section */
		468773CF21A61B5300E52966 /* Frameworks */ = {
			isa = PBXFrameworksBuildPhase;
			buildActionMask = 2147483647;
			files = (
			);
			runOnlyForDeploymentPostprocessing = 0;
		};
		468773D921A61B5300E52966 /* Frameworks */ = {
			isa = PBXFrameworksBuildPhase;
			buildActionMask = 2147483647;
			files = (
				468773DD21A61B5300E52966 /* BrainyRL.framework in Frameworks */,
			);
			runOnlyForDeploymentPostprocessing = 0;
		};
/* End PBXFrameworksBuildPhase section */

/* Begin PBXGroup section */
		468773C921A61B5300E52966 = {
			isa = PBXGroup;
			children = (
				468773D521A61B5300E52966 /* BrainyRL */,
				468773E021A61B5300E52966 /* BrainyRLTests */,
				468773D421A61B5300E52966 /* Products */,
			);
			sourceTree = "<group>";
		};
		468773D421A61B5300E52966 /* Products */ = {
			isa = PBXGroup;
			children = (
				468773D321A61B5300E52966 /* BrainyRL.framework */,
				468773DC21A61B5300E52966 /* BrainyRLTests.xctest */,
			);
			name = Products;
			sourceTree = "<group>";
		};
		468773D521A61B5300E52966 /* BrainyRL */ = {
			isa = PBXGroup;
			children = (
				468773EF21A61BF300E52966 /* README.md */,
				468773D621A61B5300E52966 /* BrainyRL.h */,
				468773ED21A61BA300E52966 /* Brain.swift */,
				46D4849C21B833A7008A979A /* Environment */,
				46F3DE1721B71DD400C19A04 /* Utils */,
				46F3DE1421B7022C00C19A04 /* Errors */,
				46F3DE1321B6F7E100C19A04 /* Algorithms */,
				468773D721A61B5300E52966 /* Info.plist */,
			);
			path = BrainyRL;
			sourceTree = "<group>";
		};
		468773E021A61B5300E52966 /* BrainyRLTests */ = {
			isa = PBXGroup;
			children = (
				468773E121A61B5300E52966 /* BrainyRLTests.swift */,
				468773E321A61B5300E52966 /* Info.plist */,
			);
			path = BrainyRLTests;
			sourceTree = "<group>";
		};
		46D4849C21B833A7008A979A /* Environment */ = {
			isa = PBXGroup;
			children = (
				89094C9821B79F4100B420CC /* BranyEnvironment.swift */,
				46D484A321B84F3A008A979A /* EnvironmentProtocols.swift */,
			);
			name = Environment;
			sourceTree = "<group>";
		};
		46D484A221B84F1D008A979A /* QLearning */ = {
			isa = PBXGroup;
			children = (
				46F3DE1121B6F7D900C19A04 /* QLearning.swift */,
				46F3DE1B21B72E3200C19A04 /* QLearningProtocols.swift */,
			);
			path = QLearning;
			sourceTree = "<group>";
		};
		46F3DE1321B6F7E100C19A04 /* Algorithms */ = {
			isa = PBXGroup;
			children = (
				46D484A221B84F1D008A979A /* QLearning */,
			);
			path = Algorithms;
			sourceTree = "<group>";
		};
		46F3DE1421B7022C00C19A04 /* Errors */ = {
			isa = PBXGroup;
			children = (
				46F3DE1521B7023C00C19A04 /* Errors.swift */,
			);
			name = Errors;
			sourceTree = "<group>";
		};
		46F3DE1721B71DD400C19A04 /* Utils */ = {
			isa = PBXGroup;
			children = (
				46F3DE1821B71DDE00C19A04 /* Utils.swift */,
			);
			name = Utils;
			sourceTree = "<group>";
		};
/* End PBXGroup section */

/* Begin PBXHeadersBuildPhase section */
		468773D021A61B5300E52966 /* Headers */ = {
			isa = PBXHeadersBuildPhase;
			buildActionMask = 2147483647;
			files = (
				468773E421A61B5300E52966 /* BrainyRL.h in Headers */,
			);
			runOnlyForDeploymentPostprocessing = 0;
		};
/* End PBXHeadersBuildPhase section */

/* Begin PBXNativeTarget section */
		468773D221A61B5300E52966 /* BrainyRL */ = {
			isa = PBXNativeTarget;
			buildConfigurationList = 468773E721A61B5300E52966 /* Build configuration list for PBXNativeTarget "BrainyRL" */;
			buildPhases = (
				468773CE21A61B5300E52966 /* Sources */,
				468773CF21A61B5300E52966 /* Frameworks */,
				468773D021A61B5300E52966 /* Headers */,
				468773D121A61B5300E52966 /* Resources */,
			);
			buildRules = (
			);
			dependencies = (
			);
			name = BrainyRL;
			productName = BrainyRL;
			productReference = 468773D321A61B5300E52966 /* BrainyRL.framework */;
			productType = "com.apple.product-type.framework";
		};
		468773DB21A61B5300E52966 /* BrainyRLTests */ = {
			isa = PBXNativeTarget;
			buildConfigurationList = 468773EA21A61B5300E52966 /* Build configuration list for PBXNativeTarget "BrainyRLTests" */;
			buildPhases = (
				468773D821A61B5300E52966 /* Sources */,
				468773D921A61B5300E52966 /* Frameworks */,
				468773DA21A61B5300E52966 /* Resources */,
			);
			buildRules = (
			);
			dependencies = (
				468773DF21A61B5300E52966 /* PBXTargetDependency */,
			);
			name = BrainyRLTests;
			productName = BrainyRLTests;
			productReference = 468773DC21A61B5300E52966 /* BrainyRLTests.xctest */;
			productType = "com.apple.product-type.bundle.unit-test";
		};
/* End PBXNativeTarget section */

/* Begin PBXProject section */
		468773CA21A61B5300E52966 /* Project object */ = {
			isa = PBXProject;
			attributes = {
				LastSwiftUpdateCheck = 0940;
				LastUpgradeCheck = 0940;
				ORGANIZATIONNAME = CubitStudio;
				TargetAttributes = {
					468773D221A61B5300E52966 = {
						CreatedOnToolsVersion = 9.4.1;
						LastSwiftMigration = 0940;
					};
					468773DB21A61B5300E52966 = {
						CreatedOnToolsVersion = 9.4.1;
					};
				};
			};
			buildConfigurationList = 468773CD21A61B5300E52966 /* Build configuration list for PBXProject "BrainyRL" */;
			compatibilityVersion = "Xcode 9.3";
			developmentRegion = en;
			hasScannedForEncodings = 0;
			knownRegions = (
				en,
			);
			mainGroup = 468773C921A61B5300E52966;
			productRefGroup = 468773D421A61B5300E52966 /* Products */;
			projectDirPath = "";
			projectRoot = "";
			targets = (
				468773D221A61B5300E52966 /* BrainyRL */,
				468773DB21A61B5300E52966 /* BrainyRLTests */,
			);
		};
/* End PBXProject section */

/* Begin PBXResourcesBuildPhase section */
		468773D121A61B5300E52966 /* Resources */ = {
			isa = PBXResourcesBuildPhase;
			buildActionMask = 2147483647;
			files = (
				468773F021A61BF300E52966 /* README.md in Resources */,
			);
			runOnlyForDeploymentPostprocessing = 0;
		};
		468773DA21A61B5300E52966 /* Resources */ = {
			isa = PBXResourcesBuildPhase;
			buildActionMask = 2147483647;
			files = (
			);
			runOnlyForDeploymentPostprocessing = 0;
		};
/* End PBXResourcesBuildPhase section */

/* Begin PBXSourcesBuildPhase section */
		468773CE21A61B5300E52966 /* Sources */ = {
			isa = PBXSourcesBuildPhase;
			buildActionMask = 2147483647;
			files = (
				468773EE21A61BA300E52966 /* Brain.swift in Sources */,
				46F3DE1621B7023C00C19A04 /* Errors.swift in Sources */,
				46D484A421B84F3A008A979A /* EnvironmentProtocols.swift in Sources */,
				46F3DE1C21B72E3200C19A04 /* QLearningProtocols.swift in Sources */,
				46F3DE1221B6F7D900C19A04 /* QLearning.swift in Sources */,
				89094C9921B79F4100B420CC /* BranyEnvironment.swift in Sources */,
				46F3DE1921B71DDE00C19A04 /* Utils.swift in Sources */,
			);
			runOnlyForDeploymentPostprocessing = 0;
		};
		468773D821A61B5300E52966 /* Sources */ = {
			isa = PBXSourcesBuildPhase;
			buildActionMask = 2147483647;
			files = (
				468773E221A61B5300E52966 /* BrainyRLTests.swift in Sources */,
			);
			runOnlyForDeploymentPostprocessing = 0;
		};
/* End PBXSourcesBuildPhase section */

/* Begin PBXTargetDependency section */
		468773DF21A61B5300E52966 /* PBXTargetDependency */ = {
			isa = PBXTargetDependency;
			target = 468773D221A61B5300E52966 /* BrainyRL */;
			targetProxy = 468773DE21A61B5300E52966 /* PBXContainerItemProxy */;
		};
/* End PBXTargetDependency section */

/* Begin XCBuildConfiguration section */
		468773E521A61B5300E52966 /* Debug */ = {
			isa = XCBuildConfiguration;
			buildSettings = {
				ALWAYS_SEARCH_USER_PATHS = NO;
				CLANG_ANALYZER_NONNULL = YES;
				CLANG_ANALYZER_NUMBER_OBJECT_CONVERSION = YES_AGGRESSIVE;
				CLANG_CXX_LANGUAGE_STANDARD = "gnu++14";
				CLANG_CXX_LIBRARY = "libc++";
				CLANG_ENABLE_MODULES = YES;
				CLANG_ENABLE_OBJC_ARC = YES;
				CLANG_ENABLE_OBJC_WEAK = YES;
				CLANG_WARN_BLOCK_CAPTURE_AUTORELEASING = YES;
				CLANG_WARN_BOOL_CONVERSION = YES;
				CLANG_WARN_COMMA = YES;
				CLANG_WARN_CONSTANT_CONVERSION = YES;
				CLANG_WARN_DEPRECATED_OBJC_IMPLEMENTATIONS = YES;
				CLANG_WARN_DIRECT_OBJC_ISA_USAGE = YES_ERROR;
				CLANG_WARN_DOCUMENTATION_COMMENTS = YES;
				CLANG_WARN_EMPTY_BODY = YES;
				CLANG_WARN_ENUM_CONVERSION = YES;
				CLANG_WARN_INFINITE_RECURSION = YES;
				CLANG_WARN_INT_CONVERSION = YES;
				CLANG_WARN_NON_LITERAL_NULL_CONVERSION = YES;
				CLANG_WARN_OBJC_IMPLICIT_RETAIN_SELF = YES;
				CLANG_WARN_OBJC_LITERAL_CONVERSION = YES;
				CLANG_WARN_OBJC_ROOT_CLASS = YES_ERROR;
				CLANG_WARN_RANGE_LOOP_ANALYSIS = YES;
				CLANG_WARN_STRICT_PROTOTYPES = YES;
				CLANG_WARN_SUSPICIOUS_MOVE = YES;
				CLANG_WARN_UNGUARDED_AVAILABILITY = YES_AGGRESSIVE;
				CLANG_WARN_UNREACHABLE_CODE = YES;
				CLANG_WARN__DUPLICATE_METHOD_MATCH = YES;
				CODE_SIGN_IDENTITY = "iPhone Developer";
				COPY_PHASE_STRIP = NO;
				CURRENT_PROJECT_VERSION = 1;
				DEBUG_INFORMATION_FORMAT = dwarf;
				ENABLE_STRICT_OBJC_MSGSEND = YES;
				ENABLE_TESTABILITY = YES;
				GCC_C_LANGUAGE_STANDARD = gnu11;
				GCC_DYNAMIC_NO_PIC = NO;
				GCC_NO_COMMON_BLOCKS = YES;
				GCC_OPTIMIZATION_LEVEL = 0;
				GCC_PREPROCESSOR_DEFINITIONS = (
					"DEBUG=1",
					"$(inherited)",
				);
				GCC_WARN_64_TO_32_BIT_CONVERSION = YES;
				GCC_WARN_ABOUT_RETURN_TYPE = YES_ERROR;
				GCC_WARN_UNDECLARED_SELECTOR = YES;
				GCC_WARN_UNINITIALIZED_AUTOS = YES_AGGRESSIVE;
				GCC_WARN_UNUSED_FUNCTION = YES;
				GCC_WARN_UNUSED_VARIABLE = YES;
				IPHONEOS_DEPLOYMENT_TARGET = 11.4;
				MTL_ENABLE_DEBUG_INFO = YES;
				ONLY_ACTIVE_ARCH = YES;
				SDKROOT = iphoneos;
				SWIFT_ACTIVE_COMPILATION_CONDITIONS = DEBUG;
				SWIFT_OPTIMIZATION_LEVEL = "-Onone";
				VERSIONING_SYSTEM = "apple-generic";
				VERSION_INFO_PREFIX = "";
			};
			name = Debug;
		};
		468773E621A61B5300E52966 /* Release */ = {
			isa = XCBuildConfiguration;
			buildSettings = {
				ALWAYS_SEARCH_USER_PATHS = NO;
				CLANG_ANALYZER_NONNULL = YES;
				CLANG_ANALYZER_NUMBER_OBJECT_CONVERSION = YES_AGGRESSIVE;
				CLANG_CXX_LANGUAGE_STANDARD = "gnu++14";
				CLANG_CXX_LIBRARY = "libc++";
				CLANG_ENABLE_MODULES = YES;
				CLANG_ENABLE_OBJC_ARC = YES;
				CLANG_ENABLE_OBJC_WEAK = YES;
				CLANG_WARN_BLOCK_CAPTURE_AUTORELEASING = YES;
				CLANG_WARN_BOOL_CONVERSION = YES;
				CLANG_WARN_COMMA = YES;
				CLANG_WARN_CONSTANT_CONVERSION = YES;
				CLANG_WARN_DEPRECATED_OBJC_IMPLEMENTATIONS = YES;
				CLANG_WARN_DIRECT_OBJC_ISA_USAGE = YES_ERROR;
				CLANG_WARN_DOCUMENTATION_COMMENTS = YES;
				CLANG_WARN_EMPTY_BODY = YES;
				CLANG_WARN_ENUM_CONVERSION = YES;
				CLANG_WARN_INFINITE_RECURSION = YES;
				CLANG_WARN_INT_CONVERSION = YES;
				CLANG_WARN_NON_LITERAL_NULL_CONVERSION = YES;
				CLANG_WARN_OBJC_IMPLICIT_RETAIN_SELF = YES;
				CLANG_WARN_OBJC_LITERAL_CONVERSION = YES;
				CLANG_WARN_OBJC_ROOT_CLASS = YES_ERROR;
				CLANG_WARN_RANGE_LOOP_ANALYSIS = YES;
				CLANG_WARN_STRICT_PROTOTYPES = YES;
				CLANG_WARN_SUSPICIOUS_MOVE = YES;
				CLANG_WARN_UNGUARDED_AVAILABILITY = YES_AGGRESSIVE;
				CLANG_WARN_UNREACHABLE_CODE = YES;
				CLANG_WARN__DUPLICATE_METHOD_MATCH = YES;
				CODE_SIGN_IDENTITY = "iPhone Developer";
				COPY_PHASE_STRIP = NO;
				CURRENT_PROJECT_VERSION = 1;
				DEBUG_INFORMATION_FORMAT = "dwarf-with-dsym";
				ENABLE_NS_ASSERTIONS = NO;
				ENABLE_STRICT_OBJC_MSGSEND = YES;
				GCC_C_LANGUAGE_STANDARD = gnu11;
				GCC_NO_COMMON_BLOCKS = YES;
				GCC_WARN_64_TO_32_BIT_CONVERSION = YES;
				GCC_WARN_ABOUT_RETURN_TYPE = YES_ERROR;
				GCC_WARN_UNDECLARED_SELECTOR = YES;
				GCC_WARN_UNINITIALIZED_AUTOS = YES_AGGRESSIVE;
				GCC_WARN_UNUSED_FUNCTION = YES;
				GCC_WARN_UNUSED_VARIABLE = YES;
				IPHONEOS_DEPLOYMENT_TARGET = 11.4;
				MTL_ENABLE_DEBUG_INFO = NO;
				SDKROOT = iphoneos;
				SWIFT_COMPILATION_MODE = wholemodule;
				SWIFT_OPTIMIZATION_LEVEL = "-O";
				VALIDATE_PRODUCT = YES;
				VERSIONING_SYSTEM = "apple-generic";
				VERSION_INFO_PREFIX = "";
			};
			name = Release;
		};
		468773E821A61B5300E52966 /* Debug */ = {
			isa = XCBuildConfiguration;
			buildSettings = {
				CLANG_ENABLE_MODULES = YES;
				CODE_SIGN_IDENTITY = "";
				CODE_SIGN_STYLE = Automatic;
				DEFINES_MODULE = YES;
				DYLIB_COMPATIBILITY_VERSION = 1;
				DYLIB_CURRENT_VERSION = 1;
				DYLIB_INSTALL_NAME_BASE = "@rpath";
				INFOPLIST_FILE = BrainyRL/Info.plist;
				INSTALL_PATH = "$(LOCAL_LIBRARY_DIR)/Frameworks";
				IPHONEOS_DEPLOYMENT_TARGET = 11.0;
				LD_RUNPATH_SEARCH_PATHS = (
					"$(inherited)",
					"@executable_path/Frameworks",
					"@loader_path/Frameworks",
				);
				PRODUCT_BUNDLE_IDENTIFIER = cubitstudio.com.BrainyRL;
				PRODUCT_NAME = "$(TARGET_NAME:c99extidentifier)";
				SKIP_INSTALL = YES;
				SWIFT_OPTIMIZATION_LEVEL = "-Onone";
				SWIFT_VERSION = 4.0;
				TARGETED_DEVICE_FAMILY = "1,2";
			};
			name = Debug;
		};
		468773E921A61B5300E52966 /* Release */ = {
			isa = XCBuildConfiguration;
			buildSettings = {
				CLANG_ENABLE_MODULES = YES;
				CODE_SIGN_IDENTITY = "";
				CODE_SIGN_STYLE = Automatic;
				DEFINES_MODULE = YES;
				DYLIB_COMPATIBILITY_VERSION = 1;
				DYLIB_CURRENT_VERSION = 1;
				DYLIB_INSTALL_NAME_BASE = "@rpath";
				INFOPLIST_FILE = BrainyRL/Info.plist;
				INSTALL_PATH = "$(LOCAL_LIBRARY_DIR)/Frameworks";
				IPHONEOS_DEPLOYMENT_TARGET = 11.0;
				LD_RUNPATH_SEARCH_PATHS = (
					"$(inherited)",
					"@executable_path/Frameworks",
					"@loader_path/Frameworks",
				);
				PRODUCT_BUNDLE_IDENTIFIER = cubitstudio.com.BrainyRL;
				PRODUCT_NAME = "$(TARGET_NAME:c99extidentifier)";
				SKIP_INSTALL = YES;
				SWIFT_VERSION = 4.0;
				TARGETED_DEVICE_FAMILY = "1,2";
			};
			name = Release;
		};
		468773EB21A61B5300E52966 /* Debug */ = {
			isa = XCBuildConfiguration;
			buildSettings = {
				ALWAYS_EMBED_SWIFT_STANDARD_LIBRARIES = YES;
				CODE_SIGN_STYLE = Automatic;
				INFOPLIST_FILE = BrainyRLTests/Info.plist;
				LD_RUNPATH_SEARCH_PATHS = (
					"$(inherited)",
					"@executable_path/Frameworks",
					"@loader_path/Frameworks",
				);
				PRODUCT_BUNDLE_IDENTIFIER = cubitstudio.com.BrainyRLTests;
				PRODUCT_NAME = "$(TARGET_NAME)";
				SWIFT_VERSION = 4.0;
				TARGETED_DEVICE_FAMILY = "1,2";
			};
			name = Debug;
		};
		468773EC21A61B5300E52966 /* Release */ = {
			isa = XCBuildConfiguration;
			buildSettings = {
				ALWAYS_EMBED_SWIFT_STANDARD_LIBRARIES = YES;
				CODE_SIGN_STYLE = Automatic;
				INFOPLIST_FILE = BrainyRLTests/Info.plist;
				LD_RUNPATH_SEARCH_PATHS = (
					"$(inherited)",
					"@executable_path/Frameworks",
					"@loader_path/Frameworks",
				);
				PRODUCT_BUNDLE_IDENTIFIER = cubitstudio.com.BrainyRLTests;
				PRODUCT_NAME = "$(TARGET_NAME)";
				SWIFT_VERSION = 4.0;
				TARGETED_DEVICE_FAMILY = "1,2";
			};
			name = Release;
		};
/* End XCBuildConfiguration section */

/* Begin XCConfigurationList section */
		468773CD21A61B5300E52966 /* Build configuration list for PBXProject "BrainyRL" */ = {
			isa = XCConfigurationList;
			buildConfigurations = (
				468773E521A61B5300E52966 /* Debug */,
				468773E621A61B5300E52966 /* Release */,
			);
			defaultConfigurationIsVisible = 0;
			defaultConfigurationName = Release;
		};
		468773E721A61B5300E52966 /* Build configuration list for PBXNativeTarget "BrainyRL" */ = {
			isa = XCConfigurationList;
			buildConfigurations = (
				468773E821A61B5300E52966 /* Debug */,
				468773E921A61B5300E52966 /* Release */,
			);
			defaultConfigurationIsVisible = 0;
			defaultConfigurationName = Release;
		};
		468773EA21A61B5300E52966 /* Build configuration list for PBXNativeTarget "BrainyRLTests" */ = {
			isa = XCConfigurationList;
			buildConfigurations = (
				468773EB21A61B5300E52966 /* Debug */,
				468773EC21A61B5300E52966 /* Release */,
			);
			defaultConfigurationIsVisible = 0;
			defaultConfigurationName = Release;
		};
/* End XCConfigurationList section */
	};
	rootObject = 468773CA21A61B5300E52966 /* Project object */;
}
