// !$*UTF8*$!
{
	archiveVersion = 1;
	classes = {
	};
	objectVersion = 50;
	objects = {

/* Begin PBXBuildFile section */
		46D484F221B8708F008A979A /* AppDelegate.swift in Sources */ = {isa = PBXBuildFile; fileRef = 46D484F121B8708F008A979A /* AppDelegate.swift */; };
		46D484F421B8708F008A979A /* ViewController.swift in Sources */ = {isa = PBXBuildFile; fileRef = 46D484F321B8708F008A979A /* ViewController.swift */; };
		46D484F721B8708F008A979A /* Main.storyboard in Resources */ = {isa = PBXBuildFile; fileRef = 46D484F521B8708F008A979A /* Main.storyboard */; };
		46D484F921B87091008A979A /* Assets.xcassets in Resources */ = {isa = PBXBuildFile; fileRef = 46D484F821B87091008A979A /* Assets.xcassets */; };
		46D484FC21B87091008A979A /* LaunchScreen.storyboard in Resources */ = {isa = PBXBuildFile; fileRef = 46D484FA21B87091008A979A /* LaunchScreen.storyboard */; };
		46D4850721B87092008A979A /* HelloTests.swift in Sources */ = {isa = PBXBuildFile; fileRef = 46D4850621B87092008A979A /* HelloTests.swift */; };
		46D4851221B87092008A979A /* HelloUITests.swift in Sources */ = {isa = PBXBuildFile; fileRef = 46D4851121B87092008A979A /* HelloUITests.swift */; };
		46D4852A21B87161008A979A /* BrainyRL.framework in Frameworks */ = {isa = PBXBuildFile; fileRef = 46D4852921B87161008A979A /* BrainyRL.framework */; };
/* End PBXBuildFile section */

/* Begin PBXContainerItemProxy section */
		46D4850321B87092008A979A /* PBXContainerItemProxy */ = {
			isa = PBXContainerItemProxy;
			containerPortal = 46D484E621B8708F008A979A /* Project object */;
			proxyType = 1;
			remoteGlobalIDString = 46D484ED21B8708F008A979A;
			remoteInfo = Hello;
		};
		46D4850E21B87092008A979A /* PBXContainerItemProxy */ = {
			isa = PBXContainerItemProxy;
			containerPortal = 46D484E621B8708F008A979A /* Project object */;
			proxyType = 1;
			remoteGlobalIDString = 46D484ED21B8708F008A979A;
			remoteInfo = Hello;
		};
/* End PBXContainerItemProxy section */

/* Begin PBXFileReference section */
		46D484EE21B8708F008A979A /* Hello.app */ = {isa = PBXFileReference; explicitFileType = wrapper.application; includeInIndex = 0; path = Hello.app; sourceTree = BUILT_PRODUCTS_DIR; };
		46D484F121B8708F008A979A /* AppDelegate.swift */ = {isa = PBXFileReference; lastKnownFileType = sourcecode.swift; path = AppDelegate.swift; sourceTree = "<group>"; };
		46D484F321B8708F008A979A /* ViewController.swift */ = {isa = PBXFileReference; lastKnownFileType = sourcecode.swift; path = ViewController.swift; sourceTree = "<group>"; };
		46D484F621B8708F008A979A /* Base */ = {isa = PBXFileReference; lastKnownFileType = file.storyboard; name = Base; path = Base.lproj/Main.storyboard; sourceTree = "<group>"; };
		46D484F821B87091008A979A /* Assets.xcassets */ = {isa = PBXFileReference; lastKnownFileType = folder.assetcatalog; path = Assets.xcassets; sourceTree = "<group>"; };
		46D484FB21B87091008A979A /* Base */ = {isa = PBXFileReference; lastKnownFileType = file.storyboard; name = Base; path = Base.lproj/LaunchScreen.storyboard; sourceTree = "<group>"; };
		46D484FD21B87091008A979A /* Info.plist */ = {isa = PBXFileReference; lastKnownFileType = text.plist.xml; path = Info.plist; sourceTree = "<group>"; };
		46D4850221B87092008A979A /* HelloTests.xctest */ = {isa = PBXFileReference; explicitFileType = wrapper.cfbundle; includeInIndex = 0; path = HelloTests.xctest; sourceTree = BUILT_PRODUCTS_DIR; };
		46D4850621B87092008A979A /* HelloTests.swift */ = {isa = PBXFileReference; lastKnownFileType = sourcecode.swift; path = HelloTests.swift; sourceTree = "<group>"; };
		46D4850821B87092008A979A /* Info.plist */ = {isa = PBXFileReference; lastKnownFileType = text.plist.xml; path = Info.plist; sourceTree = "<group>"; };
		46D4850D21B87092008A979A /* HelloUITests.xctest */ = {isa = PBXFileReference; explicitFileType = wrapper.cfbundle; includeInIndex = 0; path = HelloUITests.xctest; sourceTree = BUILT_PRODUCTS_DIR; };
		46D4851121B87092008A979A /* HelloUITests.swift */ = {isa = PBXFileReference; lastKnownFileType = sourcecode.swift; path = HelloUITests.swift; sourceTree = "<group>"; };
		46D4851321B87092008A979A /* Info.plist */ = {isa = PBXFileReference; lastKnownFileType = text.plist.xml; path = Info.plist; sourceTree = "<group>"; };
		46D4852921B87161008A979A /* BrainyRL.framework */ = {isa = PBXFileReference; lastKnownFileType = wrapper.framework; path = BrainyRL.framework; sourceTree = "<group>"; };
/* End PBXFileReference section */

/* Begin PBXFrameworksBuildPhase section */
		46D484EB21B8708F008A979A /* Frameworks */ = {
			isa = PBXFrameworksBuildPhase;
			buildActionMask = 2147483647;
			files = (
				46D4852A21B87161008A979A /* BrainyRL.framework in Frameworks */,
			);
			runOnlyForDeploymentPostprocessing = 0;
		};
		46D484FF21B87092008A979A /* Frameworks */ = {
			isa = PBXFrameworksBuildPhase;
			buildActionMask = 2147483647;
			files = (
			);
			runOnlyForDeploymentPostprocessing = 0;
		};
		46D4850A21B87092008A979A /* Frameworks */ = {
			isa = PBXFrameworksBuildPhase;
			buildActionMask = 2147483647;
			files = (
			);
			runOnlyForDeploymentPostprocessing = 0;
		};
/* End PBXFrameworksBuildPhase section */

/* Begin PBXGroup section */
		46D484E521B8708F008A979A = {
			isa = PBXGroup;
			children = (
				46D484F021B8708F008A979A /* Hello */,
				46D4850521B87092008A979A /* HelloTests */,
				46D4851021B87092008A979A /* HelloUITests */,
				46D484EF21B8708F008A979A /* Products */,
				46D4851F21B870E9008A979A /* Frameworks */,
			);
			sourceTree = "<group>";
		};
		46D484EF21B8708F008A979A /* Products */ = {
			isa = PBXGroup;
			children = (
				46D484EE21B8708F008A979A /* Hello.app */,
				46D4850221B87092008A979A /* HelloTests.xctest */,
				46D4850D21B87092008A979A /* HelloUITests.xctest */,
			);
			name = Products;
			sourceTree = "<group>";
		};
		46D484F021B8708F008A979A /* Hello */ = {
			isa = PBXGroup;
			children = (
				46D484F121B8708F008A979A /* AppDelegate.swift */,
				46D484F321B8708F008A979A /* ViewController.swift */,
				46D484F521B8708F008A979A /* Main.storyboard */,
				46D484F821B87091008A979A /* Assets.xcassets */,
				46D484FA21B87091008A979A /* LaunchScreen.storyboard */,
				46D484FD21B87091008A979A /* Info.plist */,
			);
			path = Hello;
			sourceTree = "<group>";
		};
		46D4850521B87092008A979A /* HelloTests */ = {
			isa = PBXGroup;
			children = (
				46D4850621B87092008A979A /* HelloTests.swift */,
				46D4850821B87092008A979A /* Info.plist */,
			);
			path = HelloTests;
			sourceTree = "<group>";
		};
		46D4851021B87092008A979A /* HelloUITests */ = {
			isa = PBXGroup;
			children = (
				46D4851121B87092008A979A /* HelloUITests.swift */,
				46D4851321B87092008A979A /* Info.plist */,
			);
			path = HelloUITests;
			sourceTree = "<group>";
		};
		46D4851F21B870E9008A979A /* Frameworks */ = {
			isa = PBXGroup;
			children = (
				46D4852921B87161008A979A /* BrainyRL.framework */,
			);
			name = Frameworks;
			sourceTree = "<group>";
		};
/* End PBXGroup section */

/* Begin PBXNativeTarget section */
		46D484ED21B8708F008A979A /* Hello */ = {
			isa = PBXNativeTarget;
			buildConfigurationList = 46D4851621B87092008A979A /* Build configuration list for PBXNativeTarget "Hello" */;
			buildPhases = (
				46D484EA21B8708F008A979A /* Sources */,
				46D484EB21B8708F008A979A /* Frameworks */,
				46D484EC21B8708F008A979A /* Resources */,
			);
			buildRules = (
			);
			dependencies = (
			);
			name = Hello;
			productName = Hello;
			productReference = 46D484EE21B8708F008A979A /* Hello.app */;
			productType = "com.apple.product-type.application";
		};
		46D4850121B87092008A979A /* HelloTests */ = {
			isa = PBXNativeTarget;
			buildConfigurationList = 46D4851921B87092008A979A /* Build configuration list for PBXNativeTarget "HelloTests" */;
			buildPhases = (
				46D484FE21B87092008A979A /* Sources */,
				46D484FF21B87092008A979A /* Frameworks */,
				46D4850021B87092008A979A /* Resources */,
			);
			buildRules = (
			);
			dependencies = (
				46D4850421B87092008A979A /* PBXTargetDependency */,
			);
			name = HelloTests;
			productName = HelloTests;
			productReference = 46D4850221B87092008A979A /* HelloTests.xctest */;
			productType = "com.apple.product-type.bundle.unit-test";
		};
		46D4850C21B87092008A979A /* HelloUITests */ = {
			isa = PBXNativeTarget;
			buildConfigurationList = 46D4851C21B87092008A979A /* Build configuration list for PBXNativeTarget "HelloUITests" */;
			buildPhases = (
				46D4850921B87092008A979A /* Sources */,
				46D4850A21B87092008A979A /* Frameworks */,
				46D4850B21B87092008A979A /* Resources */,
			);
			buildRules = (
			);
			dependencies = (
				46D4850F21B87092008A979A /* PBXTargetDependency */,
			);
			name = HelloUITests;
			productName = HelloUITests;
			productReference = 46D4850D21B87092008A979A /* HelloUITests.xctest */;
			productType = "com.apple.product-type.bundle.ui-testing";
		};
/* End PBXNativeTarget section */

/* Begin PBXProject section */
		46D484E621B8708F008A979A /* Project object */ = {
			isa = PBXProject;
			attributes = {
				LastSwiftUpdateCheck = 0940;
				LastUpgradeCheck = 0940;
				ORGANIZATIONNAME = CubitStudio;
				TargetAttributes = {
					46D484ED21B8708F008A979A = {
						CreatedOnToolsVersion = 9.4.1;
					};
					46D4850121B87092008A979A = {
						CreatedOnToolsVersion = 9.4.1;
						TestTargetID = 46D484ED21B8708F008A979A;
					};
					46D4850C21B87092008A979A = {
						CreatedOnToolsVersion = 9.4.1;
						TestTargetID = 46D484ED21B8708F008A979A;
					};
				};
			};
			buildConfigurationList = 46D484E921B8708F008A979A /* Build configuration list for PBXProject "Hello" */;
			compatibilityVersion = "Xcode 9.3";
			developmentRegion = en;
			hasScannedForEncodings = 0;
			knownRegions = (
				en,
				Base,
			);
			mainGroup = 46D484E521B8708F008A979A;
			productRefGroup = 46D484EF21B8708F008A979A /* Products */;
			projectDirPath = "";
			projectRoot = "";
			targets = (
				46D484ED21B8708F008A979A /* Hello */,
				46D4850121B87092008A979A /* HelloTests */,
				46D4850C21B87092008A979A /* HelloUITests */,
			);
		};
/* End PBXProject section */

/* Begin PBXResourcesBuildPhase section */
		46D484EC21B8708F008A979A /* Resources */ = {
			isa = PBXResourcesBuildPhase;
			buildActionMask = 2147483647;
			files = (
				46D484FC21B87091008A979A /* LaunchScreen.storyboard in Resources */,
				46D484F921B87091008A979A /* Assets.xcassets in Resources */,
				46D484F721B8708F008A979A /* Main.storyboard in Resources */,
			);
			runOnlyForDeploymentPostprocessing = 0;
		};
		46D4850021B87092008A979A /* Resources */ = {
			isa = PBXResourcesBuildPhase;
			buildActionMask = 2147483647;
			files = (
			);
			runOnlyForDeploymentPostprocessing = 0;
		};
		46D4850B21B87092008A979A /* Resources */ = {
			isa = PBXResourcesBuildPhase;
			buildActionMask = 2147483647;
			files = (
			);
			runOnlyForDeploymentPostprocessing = 0;
		};
/* End PBXResourcesBuildPhase section */

/* Begin PBXSourcesBuildPhase section */
		46D484EA21B8708F008A979A /* Sources */ = {
			isa = PBXSourcesBuildPhase;
			buildActionMask = 2147483647;
			files = (
				46D484F421B8708F008A979A /* ViewController.swift in Sources */,
				46D484F221B8708F008A979A /* AppDelegate.swift in Sources */,
			);
			runOnlyForDeploymentPostprocessing = 0;
		};
		46D484FE21B87092008A979A /* Sources */ = {
			isa = PBXSourcesBuildPhase;
			buildActionMask = 2147483647;
			files = (
				46D4850721B87092008A979A /* HelloTests.swift in Sources */,
			);
			runOnlyForDeploymentPostprocessing = 0;
		};
		46D4850921B87092008A979A /* Sources */ = {
			isa = PBXSourcesBuildPhase;
			buildActionMask = 2147483647;
			files = (
				46D4851221B87092008A979A /* HelloUITests.swift in Sources */,
			);
			runOnlyForDeploymentPostprocessing = 0;
		};
/* End PBXSourcesBuildPhase section */

/* Begin PBXTargetDependency section */
		46D4850421B87092008A979A /* PBXTargetDependency */ = {
			isa = PBXTargetDependency;
			target = 46D484ED21B8708F008A979A /* Hello */;
			targetProxy = 46D4850321B87092008A979A /* PBXContainerItemProxy */;
		};
		46D4850F21B87092008A979A /* PBXTargetDependency */ = {
			isa = PBXTargetDependency;
			target = 46D484ED21B8708F008A979A /* Hello */;
			targetProxy = 46D4850E21B87092008A979A /* PBXContainerItemProxy */;
		};
/* End PBXTargetDependency section */

/* Begin PBXVariantGroup section */
		46D484F521B8708F008A979A /* Main.storyboard */ = {
			isa = PBXVariantGroup;
			children = (
				46D484F621B8708F008A979A /* Base */,
			);
			name = Main.storyboard;
			sourceTree = "<group>";
		};
		46D484FA21B87091008A979A /* LaunchScreen.storyboard */ = {
			isa = PBXVariantGroup;
			children = (
				46D484FB21B87091008A979A /* Base */,
			);
			name = LaunchScreen.storyboard;
			sourceTree = "<group>";
		};
/* End PBXVariantGroup section */

/* Begin XCBuildConfiguration section */
		46D4851421B87092008A979A /* Debug */ = {
			isa = XCBuildConfiguration;
			buildSettings = {
				ALWAYS_SEARCH_USER_PATHS = NO;
				CLANG_ANALYZER_NONNULL = YES;
				CLANG_ANALYZER_NUMBER_OBJECT_CONVERSION = YES_AGGRESSIVE;
				CLANG_CXX_LANGUAGE_STANDARD = "gnu++14";
				CLANG_CXX_LIBRARY = "libc++";
				CLANG_ENABLE_MODULES = YES;
				CLANG_ENABLE_OBJC_ARC = YES;
				CLANG_ENABLE_OBJC_WEAK = YES;
				CLANG_WARN_BLOCK_CAPTURE_AUTORELEASING = YES;
				CLANG_WARN_BOOL_CONVERSION = YES;
				CLANG_WARN_COMMA = YES;
				CLANG_WARN_CONSTANT_CONVERSION = YES;
				CLANG_WARN_DEPRECATED_OBJC_IMPLEMENTATIONS = YES;
				CLANG_WARN_DIRECT_OBJC_ISA_USAGE = YES_ERROR;
				CLANG_WARN_DOCUMENTATION_COMMENTS = YES;
				CLANG_WARN_EMPTY_BODY = YES;
				CLANG_WARN_ENUM_CONVERSION = YES;
				CLANG_WARN_INFINITE_RECURSION = YES;
				CLANG_WARN_INT_CONVERSION = YES;
				CLANG_WARN_NON_LITERAL_NULL_CONVERSION = YES;
				CLANG_WARN_OBJC_IMPLICIT_RETAIN_SELF = YES;
				CLANG_WARN_OBJC_LITERAL_CONVERSION = YES;
				CLANG_WARN_OBJC_ROOT_CLASS = YES_ERROR;
				CLANG_WARN_RANGE_LOOP_ANALYSIS = YES;
				CLANG_WARN_STRICT_PROTOTYPES = YES;
				CLANG_WARN_SUSPICIOUS_MOVE = YES;
				CLANG_WARN_UNGUARDED_AVAILABILITY = YES_AGGRESSIVE;
				CLANG_WARN_UNREACHABLE_CODE = YES;
				CLANG_WARN__DUPLICATE_METHOD_MATCH = YES;
				CODE_SIGN_IDENTITY = "iPhone Developer";
				COPY_PHASE_STRIP = NO;
				DEBUG_INFORMATION_FORMAT = dwarf;
				ENABLE_STRICT_OBJC_MSGSEND = YES;
				ENABLE_TESTABILITY = YES;
				GCC_C_LANGUAGE_STANDARD = gnu11;
				GCC_DYNAMIC_NO_PIC = NO;
				GCC_NO_COMMON_BLOCKS = YES;
				GCC_OPTIMIZATION_LEVEL = 0;
				GCC_PREPROCESSOR_DEFINITIONS = (
					"DEBUG=1",
					"$(inherited)",
				);
				GCC_WARN_64_TO_32_BIT_CONVERSION = YES;
				GCC_WARN_ABOUT_RETURN_TYPE = YES_ERROR;
				GCC_WARN_UNDECLARED_SELECTOR = YES;
				GCC_WARN_UNINITIALIZED_AUTOS = YES_AGGRESSIVE;
				GCC_WARN_UNUSED_FUNCTION = YES;
				GCC_WARN_UNUSED_VARIABLE = YES;
				IPHONEOS_DEPLOYMENT_TARGET = 11.4;
				MTL_ENABLE_DEBUG_INFO = YES;
				ONLY_ACTIVE_ARCH = YES;
				SDKROOT = iphoneos;
				SWIFT_ACTIVE_COMPILATION_CONDITIONS = DEBUG;
				SWIFT_OPTIMIZATION_LEVEL = "-Onone";
			};
			name = Debug;
		};
		46D4851521B87092008A979A /* Release */ = {
			isa = XCBuildConfiguration;
			buildSettings = {
				ALWAYS_SEARCH_USER_PATHS = NO;
				CLANG_ANALYZER_NONNULL = YES;
				CLANG_ANALYZER_NUMBER_OBJECT_CONVERSION = YES_AGGRESSIVE;
				CLANG_CXX_LANGUAGE_STANDARD = "gnu++14";
				CLANG_CXX_LIBRARY = "libc++";
				CLANG_ENABLE_MODULES = YES;
				CLANG_ENABLE_OBJC_ARC = YES;
				CLANG_ENABLE_OBJC_WEAK = YES;
				CLANG_WARN_BLOCK_CAPTURE_AUTORELEASING = YES;
				CLANG_WARN_BOOL_CONVERSION = YES;
				CLANG_WARN_COMMA = YES;
				CLANG_WARN_CONSTANT_CONVERSION = YES;
				CLANG_WARN_DEPRECATED_OBJC_IMPLEMENTATIONS = YES;
				CLANG_WARN_DIRECT_OBJC_ISA_USAGE = YES_ERROR;
				CLANG_WARN_DOCUMENTATION_COMMENTS = YES;
				CLANG_WARN_EMPTY_BODY = YES;
				CLANG_WARN_ENUM_CONVERSION = YES;
				CLANG_WARN_INFINITE_RECURSION = YES;
				CLANG_WARN_INT_CONVERSION = YES;
				CLANG_WARN_NON_LITERAL_NULL_CONVERSION = YES;
				CLANG_WARN_OBJC_IMPLICIT_RETAIN_SELF = YES;
				CLANG_WARN_OBJC_LITERAL_CONVERSION = YES;
				CLANG_WARN_OBJC_ROOT_CLASS = YES_ERROR;
				CLANG_WARN_RANGE_LOOP_ANALYSIS = YES;
				CLANG_WARN_STRICT_PROTOTYPES = YES;
				CLANG_WARN_SUSPICIOUS_MOVE = YES;
				CLANG_WARN_UNGUARDED_AVAILABILITY = YES_AGGRESSIVE;
				CLANG_WARN_UNREACHABLE_CODE = YES;
				CLANG_WARN__DUPLICATE_METHOD_MATCH = YES;
				CODE_SIGN_IDENTITY = "iPhone Developer";
				COPY_PHASE_STRIP = NO;
				DEBUG_INFORMATION_FORMAT = "dwarf-with-dsym";
				ENABLE_NS_ASSERTIONS = NO;
				ENABLE_STRICT_OBJC_MSGSEND = YES;
				GCC_C_LANGUAGE_STANDARD = gnu11;
				GCC_NO_COMMON_BLOCKS = YES;
				GCC_WARN_64_TO_32_BIT_CONVERSION = YES;
				GCC_WARN_ABOUT_RETURN_TYPE = YES_ERROR;
				GCC_WARN_UNDECLARED_SELECTOR = YES;
				GCC_WARN_UNINITIALIZED_AUTOS = YES_AGGRESSIVE;
				GCC_WARN_UNUSED_FUNCTION = YES;
				GCC_WARN_UNUSED_VARIABLE = YES;
				IPHONEOS_DEPLOYMENT_TARGET = 11.4;
				MTL_ENABLE_DEBUG_INFO = NO;
				SDKROOT = iphoneos;
				SWIFT_COMPILATION_MODE = wholemodule;
				SWIFT_OPTIMIZATION_LEVEL = "-O";
				VALIDATE_PRODUCT = YES;
			};
			name = Release;
		};
		46D4851721B87092008A979A /* Debug */ = {
			isa = XCBuildConfiguration;
			buildSettings = {
				ASSETCATALOG_COMPILER_APPICON_NAME = AppIcon;
				CODE_SIGN_STYLE = Automatic;
				FRAMEWORK_SEARCH_PATHS = (
					"$(inherited)",
					"$(PROJECT_DIR)",
				);
				INFOPLIST_FILE = Hello/Info.plist;
				LD_RUNPATH_SEARCH_PATHS = (
					"$(inherited)",
					"@executable_path/Frameworks",
				);
				PRODUCT_BUNDLE_IDENTIFIER = cubitstudio.com.Hello;
				PRODUCT_NAME = "$(TARGET_NAME)";
				SWIFT_VERSION = 4.0;
				TARGETED_DEVICE_FAMILY = "1,2";
			};
			name = Debug;
		};
		46D4851821B87092008A979A /* Release */ = {
			isa = XCBuildConfiguration;
			buildSettings = {
				ASSETCATALOG_COMPILER_APPICON_NAME = AppIcon;
				CODE_SIGN_STYLE = Automatic;
				FRAMEWORK_SEARCH_PATHS = (
					"$(inherited)",
					"$(PROJECT_DIR)",
				);
				INFOPLIST_FILE = Hello/Info.plist;
				LD_RUNPATH_SEARCH_PATHS = (
					"$(inherited)",
					"@executable_path/Frameworks",
				);
				PRODUCT_BUNDLE_IDENTIFIER = cubitstudio.com.Hello;
				PRODUCT_NAME = "$(TARGET_NAME)";
				SWIFT_VERSION = 4.0;
				TARGETED_DEVICE_FAMILY = "1,2";
			};
			name = Release;
		};
		46D4851A21B87092008A979A /* Debug */ = {
			isa = XCBuildConfiguration;
			buildSettings = {
				ALWAYS_EMBED_SWIFT_STANDARD_LIBRARIES = YES;
				BUNDLE_LOADER = "$(TEST_HOST)";
				CODE_SIGN_STYLE = Automatic;
				INFOPLIST_FILE = HelloTests/Info.plist;
				LD_RUNPATH_SEARCH_PATHS = (
					"$(inherited)",
					"@executable_path/Frameworks",
					"@loader_path/Frameworks",
				);
				PRODUCT_BUNDLE_IDENTIFIER = cubitstudio.com.HelloTests;
				PRODUCT_NAME = "$(TARGET_NAME)";
				SWIFT_VERSION = 4.0;
				TARGETED_DEVICE_FAMILY = "1,2";
				TEST_HOST = "$(BUILT_PRODUCTS_DIR)/Hello.app/Hello";
			};
			name = Debug;
		};
		46D4851B21B87092008A979A /* Release */ = {
			isa = XCBuildConfiguration;
			buildSettings = {
				ALWAYS_EMBED_SWIFT_STANDARD_LIBRARIES = YES;
				BUNDLE_LOADER = "$(TEST_HOST)";
				CODE_SIGN_STYLE = Automatic;
				INFOPLIST_FILE = HelloTests/Info.plist;
				LD_RUNPATH_SEARCH_PATHS = (
					"$(inherited)",
					"@executable_path/Frameworks",
					"@loader_path/Frameworks",
				);
				PRODUCT_BUNDLE_IDENTIFIER = cubitstudio.com.HelloTests;
				PRODUCT_NAME = "$(TARGET_NAME)";
				SWIFT_VERSION = 4.0;
				TARGETED_DEVICE_FAMILY = "1,2";
				TEST_HOST = "$(BUILT_PRODUCTS_DIR)/Hello.app/Hello";
			};
			name = Release;
		};
		46D4851D21B87092008A979A /* Debug */ = {
			isa = XCBuildConfiguration;
			buildSettings = {
				ALWAYS_EMBED_SWIFT_STANDARD_LIBRARIES = YES;
				CODE_SIGN_STYLE = Automatic;
				INFOPLIST_FILE = HelloUITests/Info.plist;
				LD_RUNPATH_SEARCH_PATHS = (
					"$(inherited)",
					"@executable_path/Frameworks",
					"@loader_path/Frameworks",
				);
				PRODUCT_BUNDLE_IDENTIFIER = cubitstudio.com.HelloUITests;
				PRODUCT_NAME = "$(TARGET_NAME)";
				SWIFT_VERSION = 4.0;
				TARGETED_DEVICE_FAMILY = "1,2";
				TEST_TARGET_NAME = Hello;
			};
			name = Debug;
		};
		46D4851E21B87092008A979A /* Release */ = {
			isa = XCBuildConfiguration;
			buildSettings = {
				ALWAYS_EMBED_SWIFT_STANDARD_LIBRARIES = YES;
				CODE_SIGN_STYLE = Automatic;
				INFOPLIST_FILE = HelloUITests/Info.plist;
				LD_RUNPATH_SEARCH_PATHS = (
					"$(inherited)",
					"@executable_path/Frameworks",
					"@loader_path/Frameworks",
				);
				PRODUCT_BUNDLE_IDENTIFIER = cubitstudio.com.HelloUITests;
				PRODUCT_NAME = "$(TARGET_NAME)";
				SWIFT_VERSION = 4.0;
				TARGETED_DEVICE_FAMILY = "1,2";
				TEST_TARGET_NAME = Hello;
			};
			name = Release;
		};
/* End XCBuildConfiguration section */

/* Begin XCConfigurationList section */
		46D484E921B8708F008A979A /* Build configuration list for PBXProject "Hello" */ = {
			isa = XCConfigurationList;
			buildConfigurations = (
				46D4851421B87092008A979A /* Debug */,
				46D4851521B87092008A979A /* Release */,
			);
			defaultConfigurationIsVisible = 0;
			defaultConfigurationName = Release;
		};
		46D4851621B87092008A979A /* Build configuration list for PBXNativeTarget "Hello" */ = {
			isa = XCConfigurationList;
			buildConfigurations = (
				46D4851721B87092008A979A /* Debug */,
				46D4851821B87092008A979A /* Release */,
			);
			defaultConfigurationIsVisible = 0;
			defaultConfigurationName = Release;
		};
		46D4851921B87092008A979A /* Build configuration list for PBXNativeTarget "HelloTests" */ = {
			isa = XCConfigurationList;
			buildConfigurations = (
				46D4851A21B87092008A979A /* Debug */,
				46D4851B21B87092008A979A /* Release */,
			);
			defaultConfigurationIsVisible = 0;
			defaultConfigurationName = Release;
		};
		46D4851C21B87092008A979A /* Build configuration list for PBXNativeTarget "HelloUITests" */ = {
			isa = XCConfigurationList;
			buildConfigurations = (
				46D4851D21B87092008A979A /* Debug */,
				46D4851E21B87092008A979A /* Release */,
			);
			defaultConfigurationIsVisible = 0;
			defaultConfigurationName = Release;
		};
/* End XCConfigurationList section */
	};
	rootObject = 46D484E621B8708F008A979A /* Project object */;
}
